
Microsoft Visual Studio Solution File, Format Version 12.00
# Visual Studio 15
VisualStudioVersion = 15.0.26730.3
MinimumVisualStudioVersion = 10.0.40219.1
Project("{FAE04EC0-301F-11D3-BF4B-00C04F79EFBC}") = "AccountOwnerServer", "AccountOwnerServer\AccountOwnerServer.csproj", "{EB69953A-8104-4D5F-A20B-6A7F5B93B403}"
EndProject
Project("{FAE04EC0-301F-11D3-BF4B-00C04F79EFBC}") = "Contracts", "Contracts\Contracts.csproj", "{60408B10-2395-407D-A670-1ACC76C48C67}"
EndProject
Project("{FAE04EC0-301F-11D3-BF4B-00C04F79EFBC}") = "LoggerService", "LoggerService\LoggerService.csproj", "{B5B6E8F7-3BDD-483A-A4AD-1DC4B229D231}"
EndProject
Project("{FAE04EC0-301F-11D3-BF4B-00C04F79EFBC}") = "Entities", "Entities\Entities.csproj", "{41C2D2AA-D169-453E-8E97-9E104596178D}"
EndProject
Project("{FAE04EC0-301F-11D3-BF4B-00C04F79EFBC}") = "Repository", "Repository\Repository.csproj", "{B86D971B-E86D-4F07-AF1D-8D03B909099F}"
EndProject
Global
	GlobalSection(SolutionConfigurationPlatforms) = preSolution
		Debug|Any CPU = Debug|Any CPU
		Release|Any CPU = Release|Any CPU
	EndGlobalSection
	GlobalSection(ProjectConfigurationPlatforms) = postSolution
		{EB69953A-8104-4D5F-A20B-6A7F5B93B403}.Debug|Any CPU.ActiveCfg = Debug|Any CPU
		{EB69953A-8104-4D5F-A20B-6A7F5B93B403}.Debug|Any CPU.Build.0 = Debug|Any CPU
		{EB69953A-8104-4D5F-A20B-6A7F5B93B403}.Release|Any CPU.ActiveCfg = Release|Any CPU
		{EB69953A-8104-4D5F-A20B-6A7F5B93B403}.Release|Any CPU.Build.0 = Release|Any CPU
		{60408B10-2395-407D-A670-1ACC76C48C67}.Debug|Any CPU.ActiveCfg = Debug|Any CPU
		{60408B10-2395-407D-A670-1ACC76C48C67}.Debug|Any CPU.Build.0 = Debug|Any CPU
		{60408B10-2395-407D-A670-1ACC76C48C67}.Release|Any CPU.ActiveCfg = Release|Any CPU
		{60408B10-2395-407D-A670-1ACC76C48C67}.Release|Any CPU.Build.0 = Release|Any CPU
		{B5B6E8F7-3BDD-483A-A4AD-1DC4B229D231}.Debug|Any CPU.ActiveCfg = Debug|Any CPU
		{B5B6E8F7-3BDD-483A-A4AD-1DC4B229D231}.Debug|Any CPU.Build.0 = Debug|Any CPU
		{B5B6E8F7-3BDD-483A-A4AD-1DC4B229D231}.Release|Any CPU.ActiveCfg = Release|Any CPU
		{B5B6E8F7-3BDD-483A-A4AD-1DC4B229D231}.Release|Any CPU.Build.0 = Release|Any CPU
		{41C2D2AA-D169-453E-8E97-9E104596178D}.Debug|Any CPU.ActiveCfg = Debug|Any CPU
		{41C2D2AA-D169-453E-8E97-9E104596178D}.Debug|Any CPU.Build.0 = Debug|Any CPU
		{41C2D2AA-D169-453E-8E97-9E104596178D}.Release|Any CPU.ActiveCfg = Release|Any CPU
		{41C2D2AA-D169-453E-8E97-9E104596178D}.Release|Any CPU.Build.0 = Release|Any CPU
		{B86D971B-E86D-4F07-AF1D-8D03B909099F}.Debug|Any CPU.ActiveCfg = Debug|Any CPU
		{B86D971B-E86D-4F07-AF1D-8D03B909099F}.Debug|Any CPU.Build.0 = Debug|Any CPU
		{B86D971B-E86D-4F07-AF1D-8D03B909099F}.Release|Any CPU.ActiveCfg = Release|Any CPU
		{B86D971B-E86D-4F07-AF1D-8D03B909099F}.Release|Any CPU.Build.0 = Release|Any CPU
	EndGlobalSection
	GlobalSection(SolutionProperties) = preSolution
		HideSolutionNode = FALSE
	EndGlobalSection
	GlobalSection(ExtensibilityGlobals) = postSolution
		SolutionGuid = {3D65F3AA-3AC0-42BB-8D15-8AB8D455F0D3}
	EndGlobalSection
EndGlobal
